
Microsoft Visual Studio Solution File, Format Version 12.00
# Visual Studio 15
VisualStudioVersion = 15.0.26228.9
MinimumVisualStudioVersion = 10.0.40219.1
Project("{FAE04EC0-301F-11D3-BF4B-00C04F79EFBC}") = "QueueSend", "QueueSend\QueueSend.csproj", "{A8583A52-3C2A-416E-87E9-2BB26FE7D05A}"
EndProject
Project("{FAE04EC0-301F-11D3-BF4B-00C04F79EFBC}") = "QueueRecv", "QueueRecv\QueueRecv.csproj", "{89D187B7-C92D-4084-A4A8-647861DC66AB}"
EndProject
Project("{FAE04EC0-301F-11D3-BF4B-00C04F79EFBC}") = "SharedConstants", "SharedConstants\SharedConstants.csproj", "{D0EFDF40-795A-4733-B139-9BDC50337A5F}"
EndProject
Global
	GlobalSection(SolutionConfigurationPlatforms) = preSolution
		Debug|Any CPU = Debug|Any CPU
		Release|Any CPU = Release|Any CPU
	EndGlobalSection
	GlobalSection(ProjectConfigurationPlatforms) = postSolution
		{A8583A52-3C2A-416E-87E9-2BB26FE7D05A}.Debug|Any CPU.ActiveCfg = Debug|Any CPU
		{A8583A52-3C2A-416E-87E9-2BB26FE7D05A}.Debug|Any CPU.Build.0 = Debug|Any CPU
		{A8583A52-3C2A-416E-87E9-2BB26FE7D05A}.Release|Any CPU.ActiveCfg = Release|Any CPU
		{A8583A52-3C2A-416E-87E9-2BB26FE7D05A}.Release|Any CPU.Build.0 = Release|Any CPU
		{89D187B7-C92D-4084-A4A8-647861DC66AB}.Debug|Any CPU.ActiveCfg = Debug|Any CPU
		{89D187B7-C92D-4084-A4A8-647861DC66AB}.Debug|Any CPU.Build.0 = Debug|Any CPU
		{89D187B7-C92D-4084-A4A8-647861DC66AB}.Release|Any CPU.ActiveCfg = Release|Any CPU
		{89D187B7-C92D-4084-A4A8-647861DC66AB}.Release|Any CPU.Build.0 = Release|Any CPU
		{D0EFDF40-795A-4733-B139-9BDC50337A5F}.Debug|Any CPU.ActiveCfg = Debug|Any CPU
		{D0EFDF40-795A-4733-B139-9BDC50337A5F}.Debug|Any CPU.Build.0 = Debug|Any CPU
		{D0EFDF40-795A-4733-B139-9BDC50337A5F}.Release|Any CPU.ActiveCfg = Release|Any CPU
		{D0EFDF40-795A-4733-B139-9BDC50337A5F}.Release|Any CPU.Build.0 = Release|Any CPU
	EndGlobalSection
	GlobalSection(SolutionProperties) = preSolution
		HideSolutionNode = FALSE
	EndGlobalSection
EndGlobal
