
Microsoft Visual Studio Solution File, Format Version 12.00
# Visual Studio 15
VisualStudioVersion = 15.0.26228.9
MinimumVisualStudioVersion = 10.0.40219.1
Project("{FAE04EC0-301F-11D3-BF4B-00C04F79EFBC}") = "SB101Rcv", "SB101\SB101Rcv.csproj", "{661C54A6-4251-4B5A-BC9C-4DB30547FFCE}"
EndProject
Project("{FAE04EC0-301F-11D3-BF4B-00C04F79EFBC}") = "Sb101Send", "Sb101Send\Sb101Send.csproj", "{5DF38339-84C5-4C8C-AEFC-965E43BA0BF4}"
EndProject
Project("{FAE04EC0-301F-11D3-BF4B-00C04F79EFBC}") = "Sb101Chat", "Sb101Chat\Sb101Chat.csproj", "{49740031-6EB0-443A-806F-93F24926650B}"
EndProject
Global
	GlobalSection(SolutionConfigurationPlatforms) = preSolution
		Debug|Any CPU = Debug|Any CPU
		Release|Any CPU = Release|Any CPU
	EndGlobalSection
	GlobalSection(ProjectConfigurationPlatforms) = postSolution
		{661C54A6-4251-4B5A-BC9C-4DB30547FFCE}.Debug|Any CPU.ActiveCfg = Debug|Any CPU
		{661C54A6-4251-4B5A-BC9C-4DB30547FFCE}.Debug|Any CPU.Build.0 = Debug|Any CPU
		{661C54A6-4251-4B5A-BC9C-4DB30547FFCE}.Release|Any CPU.ActiveCfg = Release|Any CPU
		{661C54A6-4251-4B5A-BC9C-4DB30547FFCE}.Release|Any CPU.Build.0 = Release|Any CPU
		{5DF38339-84C5-4C8C-AEFC-965E43BA0BF4}.Debug|Any CPU.ActiveCfg = Debug|Any CPU
		{5DF38339-84C5-4C8C-AEFC-965E43BA0BF4}.Debug|Any CPU.Build.0 = Debug|Any CPU
		{5DF38339-84C5-4C8C-AEFC-965E43BA0BF4}.Release|Any CPU.ActiveCfg = Release|Any CPU
		{5DF38339-84C5-4C8C-AEFC-965E43BA0BF4}.Release|Any CPU.Build.0 = Release|Any CPU
		{49740031-6EB0-443A-806F-93F24926650B}.Debug|Any CPU.ActiveCfg = Debug|Any CPU
		{49740031-6EB0-443A-806F-93F24926650B}.Debug|Any CPU.Build.0 = Debug|Any CPU
		{49740031-6EB0-443A-806F-93F24926650B}.Release|Any CPU.ActiveCfg = Release|Any CPU
		{49740031-6EB0-443A-806F-93F24926650B}.Release|Any CPU.Build.0 = Release|Any CPU
	EndGlobalSection
	GlobalSection(SolutionProperties) = preSolution
		HideSolutionNode = FALSE
	EndGlobalSection
EndGlobal
