
Microsoft Visual Studio Solution File, Format Version 12.00
# Visual Studio 15
VisualStudioVersion = 15.0.26228.9
MinimumVisualStudioVersion = 10.0.40219.1
Project("{FAE04EC0-301F-11D3-BF4B-00C04F79EFBC}") = "EventHubSend", "EventHubSend\EventHubSend.csproj", "{36D01243-5371-42DC-B937-1DAEDF0270D5}"
EndProject
Project("{FAE04EC0-301F-11D3-BF4B-00C04F79EFBC}") = "SharedConstants", "SharedConstants\SharedConstants.csproj", "{CA5FDC1E-2D68-4511-85BE-36586F4E1FAF}"
EndProject
Project("{FAE04EC0-301F-11D3-BF4B-00C04F79EFBC}") = "EventHubRecv", "EventHubRecv\EventHubRecv.csproj", "{000B52B3-6F0D-4D82-B578-D98D8B61DD74}"
EndProject
Global
	GlobalSection(SolutionConfigurationPlatforms) = preSolution
		Debug|Any CPU = Debug|Any CPU
		Release|Any CPU = Release|Any CPU
	EndGlobalSection
	GlobalSection(ProjectConfigurationPlatforms) = postSolution
		{36D01243-5371-42DC-B937-1DAEDF0270D5}.Debug|Any CPU.ActiveCfg = Debug|Any CPU
		{36D01243-5371-42DC-B937-1DAEDF0270D5}.Debug|Any CPU.Build.0 = Debug|Any CPU
		{36D01243-5371-42DC-B937-1DAEDF0270D5}.Release|Any CPU.ActiveCfg = Release|Any CPU
		{36D01243-5371-42DC-B937-1DAEDF0270D5}.Release|Any CPU.Build.0 = Release|Any CPU
		{CA5FDC1E-2D68-4511-85BE-36586F4E1FAF}.Debug|Any CPU.ActiveCfg = Debug|Any CPU
		{CA5FDC1E-2D68-4511-85BE-36586F4E1FAF}.Debug|Any CPU.Build.0 = Debug|Any CPU
		{CA5FDC1E-2D68-4511-85BE-36586F4E1FAF}.Release|Any CPU.ActiveCfg = Release|Any CPU
		{CA5FDC1E-2D68-4511-85BE-36586F4E1FAF}.Release|Any CPU.Build.0 = Release|Any CPU
		{000B52B3-6F0D-4D82-B578-D98D8B61DD74}.Debug|Any CPU.ActiveCfg = Debug|Any CPU
		{000B52B3-6F0D-4D82-B578-D98D8B61DD74}.Debug|Any CPU.Build.0 = Debug|Any CPU
		{000B52B3-6F0D-4D82-B578-D98D8B61DD74}.Release|Any CPU.ActiveCfg = Release|Any CPU
		{000B52B3-6F0D-4D82-B578-D98D8B61DD74}.Release|Any CPU.Build.0 = Release|Any CPU
	EndGlobalSection
	GlobalSection(SolutionProperties) = preSolution
		HideSolutionNode = FALSE
	EndGlobalSection
EndGlobal
